
Microsoft Visual Studio Solution File, Format Version 12.00
# Visual Studio Version 17
VisualStudioVersion = 17.8.34309.116
MinimumVisualStudioVersion = 10.0.40219.1
Project("{FAE04EC0-301F-11D3-BF4B-00C04F79EFBC}") = "Hospital.API", "Hospital.API\Hospital.API.csproj", "{A677FAA8-8AF5-40DB-9B40-C1D5243B191C}"
EndProject
Global
	GlobalSection(SolutionConfigurationPlatforms) = preSolution
		Debug|Any CPU = Debug|Any CPU
		Release|Any CPU = Release|Any CPU
	EndGlobalSection
	GlobalSection(ProjectConfigurationPlatforms) = postSolution
		{A677FAA8-8AF5-40DB-9B40-C1D5243B191C}.Debug|Any CPU.ActiveCfg = Debug|Any CPU
		{A677FAA8-8AF5-40DB-9B40-C1D5243B191C}.Debug|Any CPU.Build.0 = Debug|Any CPU
		{A677FAA8-8AF5-40DB-9B40-C1D5243B191C}.Release|Any CPU.ActiveCfg = Release|Any CPU
		{A677FAA8-8AF5-40DB-9B40-C1D5243B191C}.Release|Any CPU.Build.0 = Release|Any CPU
	EndGlobalSection
	GlobalSection(SolutionProperties) = preSolution
		HideSolutionNode = FALSE
	EndGlobalSection
	GlobalSection(ExtensibilityGlobals) = postSolution
		SolutionGuid = {C51B8CE3-471F-40B4-8E54-06FB06F2A975}
	EndGlobalSection
EndGlobal
